# This file is automatically @generated by Cargo.
# It is not intended for manual editing.
version = 4

[[package]]
name = "fujo-compat"
version = "0.1.0"

[[package]]
name = "fujopack"
version = "0.1.0"
dependencies = [
 "fujo-compat",
]

[[package]]
name = "fujorun"
version = "0.1.0"
dependencies = [
 "fujo-compat",
]
